
Microsoft Visual Studio Solution File, Format Version 12.00
# Visual Studio 15
Project("{FAE04EC0-301F-11D3-BF4B-00C04F79EFBC}") = "SCon", "SCon\SCon.csproj", "{DDF5F333-7866-4231-B3CD-65EE115C6C1A}"
EndProject
Global
	GlobalSection(SolutionConfigurationPlatforms) = preSolution
		Debug|x86 = Debug|x86
		Release|x86 = Release|x86
	EndGlobalSection
	GlobalSection(ProjectConfigurationPlatforms) = postSolution
		{DDF5F333-7866-4231-B3CD-65EE115C6C1A}.Debug|x86.ActiveCfg = Debug|x86
		{DDF5F333-7866-4231-B3CD-65EE115C6C1A}.Debug|x86.Build.0 = Debug|x86
		{DDF5F333-7866-4231-B3CD-65EE115C6C1A}.Release|x86.ActiveCfg = Release|x86
		{DDF5F333-7866-4231-B3CD-65EE115C6C1A}.Release|x86.Build.0 = Release|x86
	EndGlobalSection
EndGlobal
